// !$*UTF8*$!
{
	archiveVersion = 1;
	classes = {
	};
	objectVersion = 56;
	objects = {

/* Begin PBXBuildFile section */
		3DE47A9D2B9A2BFC00A1B81E /* BitcoinPriceApp.swift in Sources */ = {isa = PBXBuildFile; fileRef = 3DE47A9C2B9A2BFC00A1B81E /* BitcoinPriceApp.swift */; };
		3DE47A9F2B9A2BFC00A1B81E /* BitcoinPriceView.swift in Sources */ = {isa = PBXBuildFile; fileRef = 3DE47A9E2B9A2BFC00A1B81E /* BitcoinPriceView.swift */; };
		3DE47AA12B9A2BFD00A1B81E /* Assets.xcassets in Resources */ = {isa = PBXBuildFile; fileRef = 3DE47AA02B9A2BFD00A1B81E /* Assets.xcassets */; };
		3DE47AA42B9A2BFD00A1B81E /* Preview Assets.xcassets in Resources */ = {isa = PBXBuildFile; fileRef = 3DE47AA32B9A2BFD00A1B81E /* Preview Assets.xcassets */; };
		3DE47AAB2B9A2CAD00A1B81E /* Currency.swift in Sources */ = {isa = PBXBuildFile; fileRef = 3DE47AAA2B9A2CAD00A1B81E /* Currency.swift */; };
		3DE47AAD2B9A2E9C00A1B81E /* BitcoinPriceModel.swift in Sources */ = {isa = PBXBuildFile; fileRef = 3DE47AAC2B9A2E9C00A1B81E /* BitcoinPriceModel.swift */; };
		3DE47AAF2B9A30E600A1B81E /* PriceDetailsView.swift in Sources */ = {isa = PBXBuildFile; fileRef = 3DE47AAE2B9A30E600A1B81E /* PriceDetailsView.swift */; };
		3DE47AB12B9A385F00A1B81E /* CoindeskApiService.swift in Sources */ = {isa = PBXBuildFile; fileRef = 3DE47AB02B9A385F00A1B81E /* CoindeskApiService.swift */; };
		3DE47AB32B9A39B600A1B81E /* APIResponse.swift in Sources */ = {isa = PBXBuildFile; fileRef = 3DE47AB22B9A39B600A1B81E /* APIResponse.swift */; };
		3DE47AB62B9A485300A1B81E /* NetworkManager.swift in Sources */ = {isa = PBXBuildFile; fileRef = 3DE47AB52B9A485300A1B81E /* NetworkManager.swift */; };
/* End PBXBuildFile section */

/* Begin PBXFileReference section */
		3DE47A992B9A2BFC00A1B81E /* BitcoinPrice.app */ = {isa = PBXFileReference; explicitFileType = wrapper.application; includeInIndex = 0; path = BitcoinPrice.app; sourceTree = BUILT_PRODUCTS_DIR; };
		3DE47A9C2B9A2BFC00A1B81E /* BitcoinPriceApp.swift */ = {isa = PBXFileReference; lastKnownFileType = sourcecode.swift; path = BitcoinPriceApp.swift; sourceTree = "<group>"; };
		3DE47A9E2B9A2BFC00A1B81E /* BitcoinPriceView.swift */ = {isa = PBXFileReference; lastKnownFileType = sourcecode.swift; path = BitcoinPriceView.swift; sourceTree = "<group>"; };
		3DE47AA02B9A2BFD00A1B81E /* Assets.xcassets */ = {isa = PBXFileReference; lastKnownFileType = folder.assetcatalog; path = Assets.xcassets; sourceTree = "<group>"; };
		3DE47AA32B9A2BFD00A1B81E /* Preview Assets.xcassets */ = {isa = PBXFileReference; lastKnownFileType = folder.assetcatalog; path = "Preview Assets.xcassets"; sourceTree = "<group>"; };
		3DE47AAA2B9A2CAD00A1B81E /* Currency.swift */ = {isa = PBXFileReference; lastKnownFileType = sourcecode.swift; path = Currency.swift; sourceTree = "<group>"; };
		3DE47AAC2B9A2E9C00A1B81E /* BitcoinPriceModel.swift */ = {isa = PBXFileReference; lastKnownFileType = sourcecode.swift; path = BitcoinPriceModel.swift; sourceTree = "<group>"; };
		3DE47AAE2B9A30E600A1B81E /* PriceDetailsView.swift */ = {isa = PBXFileReference; lastKnownFileType = sourcecode.swift; path = PriceDetailsView.swift; sourceTree = "<group>"; };
		3DE47AB02B9A385F00A1B81E /* CoindeskApiService.swift */ = {isa = PBXFileReference; lastKnownFileType = sourcecode.swift; path = CoindeskApiService.swift; sourceTree = "<group>"; };
		3DE47AB22B9A39B600A1B81E /* APIResponse.swift */ = {isa = PBXFileReference; lastKnownFileType = sourcecode.swift; path = APIResponse.swift; sourceTree = "<group>"; };
		3DE47AB52B9A485300A1B81E /* NetworkManager.swift */ = {isa = PBXFileReference; lastKnownFileType = sourcecode.swift; path = NetworkManager.swift; sourceTree = "<group>"; };
/* End PBXFileReference section */

/* Begin PBXFrameworksBuildPhase section */
		3DE47A962B9A2BFC00A1B81E /* Frameworks */ = {
			isa = PBXFrameworksBuildPhase;
			buildActionMask = 2147483647;
			files = (
			);
			runOnlyForDeploymentPostprocessing = 0;
		};
/* End PBXFrameworksBuildPhase section */

/* Begin PBXGroup section */
		3DE47A902B9A2BFC00A1B81E = {
			isa = PBXGroup;
			children = (
				3DE47A9B2B9A2BFC00A1B81E /* BitcoinPrice */,
				3DE47A9A2B9A2BFC00A1B81E /* Products */,
			);
			sourceTree = "<group>";
		};
		3DE47A9A2B9A2BFC00A1B81E /* Products */ = {
			isa = PBXGroup;
			children = (
				3DE47A992B9A2BFC00A1B81E /* BitcoinPrice.app */,
			);
			name = Products;
			sourceTree = "<group>";
		};
		3DE47A9B2B9A2BFC00A1B81E /* BitcoinPrice */ = {
			isa = PBXGroup;
			children = (
				3DE47A9C2B9A2BFC00A1B81E /* BitcoinPriceApp.swift */,
				3DE47A9E2B9A2BFC00A1B81E /* BitcoinPriceView.swift */,
				3DE47AAE2B9A30E600A1B81E /* PriceDetailsView.swift */,
				3DE47AAC2B9A2E9C00A1B81E /* BitcoinPriceModel.swift */,
				3DE47AB02B9A385F00A1B81E /* CoindeskApiService.swift */,
				3DE47AB52B9A485300A1B81E /* NetworkManager.swift */,
				3DE47AB42B9A39D000A1B81E /* Model */,
				3DE47AA02B9A2BFD00A1B81E /* Assets.xcassets */,
				3DE47AA22B9A2BFD00A1B81E /* Preview Content */,
			);
			path = BitcoinPrice;
			sourceTree = "<group>";
		};
		3DE47AA22B9A2BFD00A1B81E /* Preview Content */ = {
			isa = PBXGroup;
			children = (
				3DE47AA32B9A2BFD00A1B81E /* Preview Assets.xcassets */,
			);
			path = "Preview Content";
			sourceTree = "<group>";
		};
		3DE47AB42B9A39D000A1B81E /* Model */ = {
			isa = PBXGroup;
			children = (
				3DE47AAA2B9A2CAD00A1B81E /* Currency.swift */,
				3DE47AB22B9A39B600A1B81E /* APIResponse.swift */,
			);
			path = Model;
			sourceTree = "<group>";
		};
/* End PBXGroup section */

/* Begin PBXNativeTarget section */
		3DE47A982B9A2BFC00A1B81E /* BitcoinPrice */ = {
			isa = PBXNativeTarget;
			buildConfigurationList = 3DE47AA72B9A2BFD00A1B81E /* Build configuration list for PBXNativeTarget "BitcoinPrice" */;
			buildPhases = (
				3DE47A952B9A2BFC00A1B81E /* Sources */,
				3DE47A962B9A2BFC00A1B81E /* Frameworks */,
				3DE47A972B9A2BFC00A1B81E /* Resources */,
			);
			buildRules = (
			);
			dependencies = (
			);
			name = BitcoinPrice;
			productName = BitcoinPrice;
			productReference = 3DE47A992B9A2BFC00A1B81E /* BitcoinPrice.app */;
			productType = "com.apple.product-type.application";
		};
/* End PBXNativeTarget section */

/* Begin PBXProject section */
		3DE47A912B9A2BFC00A1B81E /* Project object */ = {
			isa = PBXProject;
			attributes = {
				BuildIndependentTargetsInParallel = 1;
				LastSwiftUpdateCheck = 1520;
				LastUpgradeCheck = 1520;
				TargetAttributes = {
					3DE47A982B9A2BFC00A1B81E = {
						CreatedOnToolsVersion = 15.2;
					};
				};
			};
			buildConfigurationList = 3DE47A942B9A2BFC00A1B81E /* Build configuration list for PBXProject "BitcoinPrice" */;
			compatibilityVersion = "Xcode 14.0";
			developmentRegion = en;
			hasScannedForEncodings = 0;
			knownRegions = (
				en,
				Base,
			);
			mainGroup = 3DE47A902B9A2BFC00A1B81E;
			productRefGroup = 3DE47A9A2B9A2BFC00A1B81E /* Products */;
			projectDirPath = "";
			projectRoot = "";
			targets = (
				3DE47A982B9A2BFC00A1B81E /* BitcoinPrice */,
			);
		};
/* End PBXProject section */

/* Begin PBXResourcesBuildPhase section */
		3DE47A972B9A2BFC00A1B81E /* Resources */ = {
			isa = PBXResourcesBuildPhase;
			buildActionMask = 2147483647;
			files = (
				3DE47AA42B9A2BFD00A1B81E /* Preview Assets.xcassets in Resources */,
				3DE47AA12B9A2BFD00A1B81E /* Assets.xcassets in Resources */,
			);
			runOnlyForDeploymentPostprocessing = 0;
		};
/* End PBXResourcesBuildPhase section */

/* Begin PBXSourcesBuildPhase section */
		3DE47A952B9A2BFC00A1B81E /* Sources */ = {
			isa = PBXSourcesBuildPhase;
			buildActionMask = 2147483647;
			files = (
				3DE47AB32B9A39B600A1B81E /* APIResponse.swift in Sources */,
				3DE47AAB2B9A2CAD00A1B81E /* Currency.swift in Sources */,
				3DE47A9F2B9A2BFC00A1B81E /* BitcoinPriceView.swift in Sources */,
				3DE47AB12B9A385F00A1B81E /* CoindeskApiService.swift in Sources */,
				3DE47AB62B9A485300A1B81E /* NetworkManager.swift in Sources */,
				3DE47AAD2B9A2E9C00A1B81E /* BitcoinPriceModel.swift in Sources */,
				3DE47AAF2B9A30E600A1B81E /* PriceDetailsView.swift in Sources */,
				3DE47A9D2B9A2BFC00A1B81E /* BitcoinPriceApp.swift in Sources */,
			);
			runOnlyForDeploymentPostprocessing = 0;
		};
/* End PBXSourcesBuildPhase section */

/* Begin XCBuildConfiguration section */
		3DE47AA52B9A2BFD00A1B81E /* Debug */ = {
			isa = XCBuildConfiguration;
			buildSettings = {
				ALWAYS_SEARCH_USER_PATHS = NO;
				ASSETCATALOG_COMPILER_GENERATE_SWIFT_ASSET_SYMBOL_EXTENSIONS = YES;
				CLANG_ANALYZER_NONNULL = YES;
				CLANG_ANALYZER_NUMBER_OBJECT_CONVERSION = YES_AGGRESSIVE;
				CLANG_CXX_LANGUAGE_STANDARD = "gnu++20";
				CLANG_ENABLE_MODULES = YES;
				CLANG_ENABLE_OBJC_ARC = YES;
				CLANG_ENABLE_OBJC_WEAK = YES;
				CLANG_WARN_BLOCK_CAPTURE_AUTORELEASING = YES;
				CLANG_WARN_BOOL_CONVERSION = YES;
				CLANG_WARN_COMMA = YES;
				CLANG_WARN_CONSTANT_CONVERSION = YES;
				CLANG_WARN_DEPRECATED_OBJC_IMPLEMENTATIONS = YES;
				CLANG_WARN_DIRECT_OBJC_ISA_USAGE = YES_ERROR;
				CLANG_WARN_DOCUMENTATION_COMMENTS = YES;
				CLANG_WARN_EMPTY_BODY = YES;
				CLANG_WARN_ENUM_CONVERSION = YES;
				CLANG_WARN_INFINITE_RECURSION = YES;
				CLANG_WARN_INT_CONVERSION = YES;
				CLANG_WARN_NON_LITERAL_NULL_CONVERSION = YES;
				CLANG_WARN_OBJC_IMPLICIT_RETAIN_SELF = YES;
				CLANG_WARN_OBJC_LITERAL_CONVERSION = YES;
				CLANG_WARN_OBJC_ROOT_CLASS = YES_ERROR;
				CLANG_WARN_QUOTED_INCLUDE_IN_FRAMEWORK_HEADER = YES;
				CLANG_WARN_RANGE_LOOP_ANALYSIS = YES;
				CLANG_WARN_STRICT_PROTOTYPES = YES;
				CLANG_WARN_SUSPICIOUS_MOVE = YES;
				CLANG_WARN_UNGUARDED_AVAILABILITY = YES_AGGRESSIVE;
				CLANG_WARN_UNREACHABLE_CODE = YES;
				CLANG_WARN__DUPLICATE_METHOD_MATCH = YES;
				COPY_PHASE_STRIP = NO;
				DEBUG_INFORMATION_FORMAT = dwarf;
				ENABLE_STRICT_OBJC_MSGSEND = YES;
				ENABLE_TESTABILITY = YES;
				ENABLE_USER_SCRIPT_SANDBOXING = YES;
				GCC_C_LANGUAGE_STANDARD = gnu17;
				GCC_DYNAMIC_NO_PIC = NO;
				GCC_NO_COMMON_BLOCKS = YES;
				GCC_OPTIMIZATION_LEVEL = 0;
				GCC_PREPROCESSOR_DEFINITIONS = (
					"DEBUG=1",
					"$(inherited)",
				);
				GCC_WARN_64_TO_32_BIT_CONVERSION = YES;
				GCC_WARN_ABOUT_RETURN_TYPE = YES_ERROR;
				GCC_WARN_UNDECLARED_SELECTOR = YES;
				GCC_WARN_UNINITIALIZED_AUTOS = YES_AGGRESSIVE;
				GCC_WARN_UNUSED_FUNCTION = YES;
				GCC_WARN_UNUSED_VARIABLE = YES;
				IPHONEOS_DEPLOYMENT_TARGET = 17.2;
				LOCALIZATION_PREFERS_STRING_CATALOGS = YES;
				MTL_ENABLE_DEBUG_INFO = INCLUDE_SOURCE;
				MTL_FAST_MATH = YES;
				ONLY_ACTIVE_ARCH = YES;
				SDKROOT = iphoneos;
				SWIFT_ACTIVE_COMPILATION_CONDITIONS = "DEBUG $(inherited)";
				SWIFT_OPTIMIZATION_LEVEL = "-Onone";
			};
			name = Debug;
		};
		3DE47AA62B9A2BFD00A1B81E /* Release */ = {
			isa = XCBuildConfiguration;
			buildSettings = {
				ALWAYS_SEARCH_USER_PATHS = NO;
				ASSETCATALOG_COMPILER_GENERATE_SWIFT_ASSET_SYMBOL_EXTENSIONS = YES;
				CLANG_ANALYZER_NONNULL = YES;
				CLANG_ANALYZER_NUMBER_OBJECT_CONVERSION = YES_AGGRESSIVE;
				CLANG_CXX_LANGUAGE_STANDARD = "gnu++20";
				CLANG_ENABLE_MODULES = YES;
				CLANG_ENABLE_OBJC_ARC = YES;
				CLANG_ENABLE_OBJC_WEAK = YES;
				CLANG_WARN_BLOCK_CAPTURE_AUTORELEASING = YES;
				CLANG_WARN_BOOL_CONVERSION = YES;
				CLANG_WARN_COMMA = YES;
				CLANG_WARN_CONSTANT_CONVERSION = YES;
				CLANG_WARN_DEPRECATED_OBJC_IMPLEMENTATIONS = YES;
				CLANG_WARN_DIRECT_OBJC_ISA_USAGE = YES_ERROR;
				CLANG_WARN_DOCUMENTATION_COMMENTS = YES;
				CLANG_WARN_EMPTY_BODY = YES;
				CLANG_WARN_ENUM_CONVERSION = YES;
				CLANG_WARN_INFINITE_RECURSION = YES;
				CLANG_WARN_INT_CONVERSION = YES;
				CLANG_WARN_NON_LITERAL_NULL_CONVERSION = YES;
				CLANG_WARN_OBJC_IMPLICIT_RETAIN_SELF = YES;
				CLANG_WARN_OBJC_LITERAL_CONVERSION = YES;
				CLANG_WARN_OBJC_ROOT_CLASS = YES_ERROR;
				CLANG_WARN_QUOTED_INCLUDE_IN_FRAMEWORK_HEADER = YES;
				CLANG_WARN_RANGE_LOOP_ANALYSIS = YES;
				CLANG_WARN_STRICT_PROTOTYPES = YES;
				CLANG_WARN_SUSPICIOUS_MOVE = YES;
				CLANG_WARN_UNGUARDED_AVAILABILITY = YES_AGGRESSIVE;
				CLANG_WARN_UNREACHABLE_CODE = YES;
				CLANG_WARN__DUPLICATE_METHOD_MATCH = YES;
				COPY_PHASE_STRIP = NO;
				DEBUG_INFORMATION_FORMAT = "dwarf-with-dsym";
				ENABLE_NS_ASSERTIONS = NO;
				ENABLE_STRICT_OBJC_MSGSEND = YES;
				ENABLE_USER_SCRIPT_SANDBOXING = YES;
				GCC_C_LANGUAGE_STANDARD = gnu17;
				GCC_NO_COMMON_BLOCKS = YES;
				GCC_WARN_64_TO_32_BIT_CONVERSION = YES;
				GCC_WARN_ABOUT_RETURN_TYPE = YES_ERROR;
				GCC_WARN_UNDECLARED_SELECTOR = YES;
				GCC_WARN_UNINITIALIZED_AUTOS = YES_AGGRESSIVE;
				GCC_WARN_UNUSED_FUNCTION = YES;
				GCC_WARN_UNUSED_VARIABLE = YES;
				IPHONEOS_DEPLOYMENT_TARGET = 17.2;
				LOCALIZATION_PREFERS_STRING_CATALOGS = YES;
				MTL_ENABLE_DEBUG_INFO = NO;
				MTL_FAST_MATH = YES;
				SDKROOT = iphoneos;
				SWIFT_COMPILATION_MODE = wholemodule;
				VALIDATE_PRODUCT = YES;
			};
			name = Release;
		};
		3DE47AA82B9A2BFD00A1B81E /* Debug */ = {
			isa = XCBuildConfiguration;
			buildSettings = {
				ASSETCATALOG_COMPILER_APPICON_NAME = AppIcon;
				ASSETCATALOG_COMPILER_GLOBAL_ACCENT_COLOR_NAME = AccentColor;
				CODE_SIGN_STYLE = Automatic;
				CURRENT_PROJECT_VERSION = 1;
				DEVELOPMENT_ASSET_PATHS = "\"BitcoinPrice/Preview Content\"";
				ENABLE_PREVIEWS = YES;
				GENERATE_INFOPLIST_FILE = YES;
				INFOPLIST_KEY_UIApplicationSceneManifest_Generation = YES;
				INFOPLIST_KEY_UIApplicationSupportsIndirectInputEvents = YES;
				INFOPLIST_KEY_UILaunchScreen_Generation = YES;
				INFOPLIST_KEY_UISupportedInterfaceOrientations_iPad = "UIInterfaceOrientationPortrait UIInterfaceOrientationPortraitUpsideDown UIInterfaceOrientationLandscapeLeft UIInterfaceOrientationLandscapeRight";
				INFOPLIST_KEY_UISupportedInterfaceOrientations_iPhone = "UIInterfaceOrientationPortrait UIInterfaceOrientationLandscapeLeft UIInterfaceOrientationLandscapeRight";
				LD_RUNPATH_SEARCH_PATHS = (
					"$(inherited)",
					"@executable_path/Frameworks",
				);
				MARKETING_VERSION = 1.0;
				PRODUCT_BUNDLE_IDENTIFIER = es.Estech.BitcoinPrice;
				PRODUCT_NAME = "$(TARGET_NAME)";
				SWIFT_EMIT_LOC_STRINGS = YES;
				SWIFT_VERSION = 5.0;
				TARGETED_DEVICE_FAMILY = "1,2";
			};
			name = Debug;
		};
		3DE47AA92B9A2BFD00A1B81E /* Release */ = {
			isa = XCBuildConfiguration;
			buildSettings = {
				ASSETCATALOG_COMPILER_APPICON_NAME = AppIcon;
				ASSETCATALOG_COMPILER_GLOBAL_ACCENT_COLOR_NAME = AccentColor;
				CODE_SIGN_STYLE = Automatic;
				CURRENT_PROJECT_VERSION = 1;
				DEVELOPMENT_ASSET_PATHS = "\"BitcoinPrice/Preview Content\"";
				ENABLE_PREVIEWS = YES;
				GENERATE_INFOPLIST_FILE = YES;
				INFOPLIST_KEY_UIApplicationSceneManifest_Generation = YES;
				INFOPLIST_KEY_UIApplicationSupportsIndirectInputEvents = YES;
				INFOPLIST_KEY_UILaunchScreen_Generation = YES;
				INFOPLIST_KEY_UISupportedInterfaceOrientations_iPad = "UIInterfaceOrientationPortrait UIInterfaceOrientationPortraitUpsideDown UIInterfaceOrientationLandscapeLeft UIInterfaceOrientationLandscapeRight";
				INFOPLIST_KEY_UISupportedInterfaceOrientations_iPhone = "UIInterfaceOrientationPortrait UIInterfaceOrientationLandscapeLeft UIInterfaceOrientationLandscapeRight";
				LD_RUNPATH_SEARCH_PATHS = (
					"$(inherited)",
					"@executable_path/Frameworks",
				);
				MARKETING_VERSION = 1.0;
				PRODUCT_BUNDLE_IDENTIFIER = es.Estech.BitcoinPrice;
				PRODUCT_NAME = "$(TARGET_NAME)";
				SWIFT_EMIT_LOC_STRINGS = YES;
				SWIFT_VERSION = 5.0;
				TARGETED_DEVICE_FAMILY = "1,2";
			};
			name = Release;
		};
/* End XCBuildConfiguration section */

/* Begin XCConfigurationList section */
		3DE47A942B9A2BFC00A1B81E /* Build configuration list for PBXProject "BitcoinPrice" */ = {
			isa = XCConfigurationList;
			buildConfigurations = (
				3DE47AA52B9A2BFD00A1B81E /* Debug */,
				3DE47AA62B9A2BFD00A1B81E /* Release */,
			);
			defaultConfigurationIsVisible = 0;
			defaultConfigurationName = Release;
		};
		3DE47AA72B9A2BFD00A1B81E /* Build configuration list for PBXNativeTarget "BitcoinPrice" */ = {
			isa = XCConfigurationList;
			buildConfigurations = (
				3DE47AA82B9A2BFD00A1B81E /* Debug */,
				3DE47AA92B9A2BFD00A1B81E /* Release */,
			);
			defaultConfigurationIsVisible = 0;
			defaultConfigurationName = Release;
		};
/* End XCConfigurationList section */
	};
	rootObject = 3DE47A912B9A2BFC00A1B81E /* Project object */;
}
