// !$*UTF8*$!
{
	archiveVersion = 1;
	classes = {
	};
	objectVersion = 56;
	objects = {

/* Begin PBXBuildFile section */
		3D25059E2B7E7D73007F2724 /* RestauranteUIApp.swift in Sources */ = {isa = PBXBuildFile; fileRef = 3D25059D2B7E7D73007F2724 /* RestauranteUIApp.swift */; };
		3D2505A02B7E7D73007F2724 /* ContentView.swift in Sources */ = {isa = PBXBuildFile; fileRef = 3D25059F2B7E7D73007F2724 /* ContentView.swift */; };
		3D2505A22B7E7D74007F2724 /* Assets.xcassets in Resources */ = {isa = PBXBuildFile; fileRef = 3D2505A12B7E7D74007F2724 /* Assets.xcassets */; };
		3D2505A52B7E7D74007F2724 /* Preview Assets.xcassets in Resources */ = {isa = PBXBuildFile; fileRef = 3D2505A42B7E7D74007F2724 /* Preview Assets.xcassets */; };
		3D2505AC2B7E7E0B007F2724 /* menu.json in Resources */ = {isa = PBXBuildFile; fileRef = 3D2505AB2B7E7E0B007F2724 /* menu.json */; };
		3D2505AE2B7E7EE0007F2724 /* Helper.swift in Sources */ = {isa = PBXBuildFile; fileRef = 3D2505AD2B7E7EE0007F2724 /* Helper.swift */; };
		3D2505B22B7E8097007F2724 /* Model.swift in Sources */ = {isa = PBXBuildFile; fileRef = 3D2505B12B7E8097007F2724 /* Model.swift */; };
		3D2505B42B7E87A7007F2724 /* CeldaVista.swift in Sources */ = {isa = PBXBuildFile; fileRef = 3D2505B32B7E87A7007F2724 /* CeldaVista.swift */; };
		3D2505B62B7E8EBA007F2724 /* DetalleVista.swift in Sources */ = {isa = PBXBuildFile; fileRef = 3D2505B52B7E8EBA007F2724 /* DetalleVista.swift */; };
/* End PBXBuildFile section */

/* Begin PBXFileReference section */
		3D25059A2B7E7D73007F2724 /* RestauranteUI.app */ = {isa = PBXFileReference; explicitFileType = wrapper.application; includeInIndex = 0; path = RestauranteUI.app; sourceTree = BUILT_PRODUCTS_DIR; };
		3D25059D2B7E7D73007F2724 /* RestauranteUIApp.swift */ = {isa = PBXFileReference; lastKnownFileType = sourcecode.swift; path = RestauranteUIApp.swift; sourceTree = "<group>"; };
		3D25059F2B7E7D73007F2724 /* ContentView.swift */ = {isa = PBXFileReference; lastKnownFileType = sourcecode.swift; path = ContentView.swift; sourceTree = "<group>"; };
		3D2505A12B7E7D74007F2724 /* Assets.xcassets */ = {isa = PBXFileReference; lastKnownFileType = folder.assetcatalog; path = Assets.xcassets; sourceTree = "<group>"; };
		3D2505A42B7E7D74007F2724 /* Preview Assets.xcassets */ = {isa = PBXFileReference; lastKnownFileType = folder.assetcatalog; path = "Preview Assets.xcassets"; sourceTree = "<group>"; };
		3D2505AB2B7E7E0B007F2724 /* menu.json */ = {isa = PBXFileReference; fileEncoding = 4; lastKnownFileType = text.json; path = menu.json; sourceTree = "<group>"; };
		3D2505AD2B7E7EE0007F2724 /* Helper.swift */ = {isa = PBXFileReference; lastKnownFileType = sourcecode.swift; path = Helper.swift; sourceTree = "<group>"; };
		3D2505B12B7E8097007F2724 /* Model.swift */ = {isa = PBXFileReference; lastKnownFileType = sourcecode.swift; path = Model.swift; sourceTree = "<group>"; };
		3D2505B32B7E87A7007F2724 /* CeldaVista.swift */ = {isa = PBXFileReference; lastKnownFileType = sourcecode.swift; path = CeldaVista.swift; sourceTree = "<group>"; };
		3D2505B52B7E8EBA007F2724 /* DetalleVista.swift */ = {isa = PBXFileReference; lastKnownFileType = sourcecode.swift; path = DetalleVista.swift; sourceTree = "<group>"; };
/* End PBXFileReference section */

/* Begin PBXFrameworksBuildPhase section */
		3D2505972B7E7D73007F2724 /* Frameworks */ = {
			isa = PBXFrameworksBuildPhase;
			buildActionMask = 2147483647;
			files = (
			);
			runOnlyForDeploymentPostprocessing = 0;
		};
/* End PBXFrameworksBuildPhase section */

/* Begin PBXGroup section */
		3D2505912B7E7D73007F2724 = {
			isa = PBXGroup;
			children = (
				3D25059C2B7E7D73007F2724 /* RestauranteUI */,
				3D25059B2B7E7D73007F2724 /* Products */,
			);
			sourceTree = "<group>";
		};
		3D25059B2B7E7D73007F2724 /* Products */ = {
			isa = PBXGroup;
			children = (
				3D25059A2B7E7D73007F2724 /* RestauranteUI.app */,
			);
			name = Products;
			sourceTree = "<group>";
		};
		3D25059C2B7E7D73007F2724 /* RestauranteUI */ = {
			isa = PBXGroup;
			children = (
				3D2505B02B7E7EEE007F2724 /* Vistas */,
				3D2505AF2B7E7EE4007F2724 /* Model */,
				3D25059D2B7E7D73007F2724 /* RestauranteUIApp.swift */,
				3D2505A12B7E7D74007F2724 /* Assets.xcassets */,
				3D2505AB2B7E7E0B007F2724 /* menu.json */,
				3D2505A32B7E7D74007F2724 /* Preview Content */,
			);
			path = RestauranteUI;
			sourceTree = "<group>";
		};
		3D2505A32B7E7D74007F2724 /* Preview Content */ = {
			isa = PBXGroup;
			children = (
				3D2505A42B7E7D74007F2724 /* Preview Assets.xcassets */,
			);
			path = "Preview Content";
			sourceTree = "<group>";
		};
		3D2505AF2B7E7EE4007F2724 /* Model */ = {
			isa = PBXGroup;
			children = (
				3D2505AD2B7E7EE0007F2724 /* Helper.swift */,
				3D2505B12B7E8097007F2724 /* Model.swift */,
			);
			path = Model;
			sourceTree = "<group>";
		};
		3D2505B02B7E7EEE007F2724 /* Vistas */ = {
			isa = PBXGroup;
			children = (
				3D25059F2B7E7D73007F2724 /* ContentView.swift */,
				3D2505B32B7E87A7007F2724 /* CeldaVista.swift */,
				3D2505B52B7E8EBA007F2724 /* DetalleVista.swift */,
			);
			path = Vistas;
			sourceTree = "<group>";
		};
/* End PBXGroup section */

/* Begin PBXNativeTarget section */
		3D2505992B7E7D73007F2724 /* RestauranteUI */ = {
			isa = PBXNativeTarget;
			buildConfigurationList = 3D2505A82B7E7D74007F2724 /* Build configuration list for PBXNativeTarget "RestauranteUI" */;
			buildPhases = (
				3D2505962B7E7D73007F2724 /* Sources */,
				3D2505972B7E7D73007F2724 /* Frameworks */,
				3D2505982B7E7D73007F2724 /* Resources */,
			);
			buildRules = (
			);
			dependencies = (
			);
			name = RestauranteUI;
			productName = RestauranteUI;
			productReference = 3D25059A2B7E7D73007F2724 /* RestauranteUI.app */;
			productType = "com.apple.product-type.application";
		};
/* End PBXNativeTarget section */

/* Begin PBXProject section */
		3D2505922B7E7D73007F2724 /* Project object */ = {
			isa = PBXProject;
			attributes = {
				BuildIndependentTargetsInParallel = 1;
				LastSwiftUpdateCheck = 1520;
				LastUpgradeCheck = 1520;
				TargetAttributes = {
					3D2505992B7E7D73007F2724 = {
						CreatedOnToolsVersion = 15.2;
					};
				};
			};
			buildConfigurationList = 3D2505952B7E7D73007F2724 /* Build configuration list for PBXProject "RestauranteUI" */;
			compatibilityVersion = "Xcode 14.0";
			developmentRegion = en;
			hasScannedForEncodings = 0;
			knownRegions = (
				en,
				Base,
			);
			mainGroup = 3D2505912B7E7D73007F2724;
			productRefGroup = 3D25059B2B7E7D73007F2724 /* Products */;
			projectDirPath = "";
			projectRoot = "";
			targets = (
				3D2505992B7E7D73007F2724 /* RestauranteUI */,
			);
		};
/* End PBXProject section */

/* Begin PBXResourcesBuildPhase section */
		3D2505982B7E7D73007F2724 /* Resources */ = {
			isa = PBXResourcesBuildPhase;
			buildActionMask = 2147483647;
			files = (
				3D2505AC2B7E7E0B007F2724 /* menu.json in Resources */,
				3D2505A52B7E7D74007F2724 /* Preview Assets.xcassets in Resources */,
				3D2505A22B7E7D74007F2724 /* Assets.xcassets in Resources */,
			);
			runOnlyForDeploymentPostprocessing = 0;
		};
/* End PBXResourcesBuildPhase section */

/* Begin PBXSourcesBuildPhase section */
		3D2505962B7E7D73007F2724 /* Sources */ = {
			isa = PBXSourcesBuildPhase;
			buildActionMask = 2147483647;
			files = (
				3D2505B42B7E87A7007F2724 /* CeldaVista.swift in Sources */,
				3D2505A02B7E7D73007F2724 /* ContentView.swift in Sources */,
				3D25059E2B7E7D73007F2724 /* RestauranteUIApp.swift in Sources */,
				3D2505B62B7E8EBA007F2724 /* DetalleVista.swift in Sources */,
				3D2505AE2B7E7EE0007F2724 /* Helper.swift in Sources */,
				3D2505B22B7E8097007F2724 /* Model.swift in Sources */,
			);
			runOnlyForDeploymentPostprocessing = 0;
		};
/* End PBXSourcesBuildPhase section */

/* Begin XCBuildConfiguration section */
		3D2505A62B7E7D74007F2724 /* Debug */ = {
			isa = XCBuildConfiguration;
			buildSettings = {
				ALWAYS_SEARCH_USER_PATHS = NO;
				ASSETCATALOG_COMPILER_GENERATE_SWIFT_ASSET_SYMBOL_EXTENSIONS = YES;
				CLANG_ANALYZER_NONNULL = YES;
				CLANG_ANALYZER_NUMBER_OBJECT_CONVERSION = YES_AGGRESSIVE;
				CLANG_CXX_LANGUAGE_STANDARD = "gnu++20";
				CLANG_ENABLE_MODULES = YES;
				CLANG_ENABLE_OBJC_ARC = YES;
				CLANG_ENABLE_OBJC_WEAK = YES;
				CLANG_WARN_BLOCK_CAPTURE_AUTORELEASING = YES;
				CLANG_WARN_BOOL_CONVERSION = YES;
				CLANG_WARN_COMMA = YES;
				CLANG_WARN_CONSTANT_CONVERSION = YES;
				CLANG_WARN_DEPRECATED_OBJC_IMPLEMENTATIONS = YES;
				CLANG_WARN_DIRECT_OBJC_ISA_USAGE = YES_ERROR;
				CLANG_WARN_DOCUMENTATION_COMMENTS = YES;
				CLANG_WARN_EMPTY_BODY = YES;
				CLANG_WARN_ENUM_CONVERSION = YES;
				CLANG_WARN_INFINITE_RECURSION = YES;
				CLANG_WARN_INT_CONVERSION = YES;
				CLANG_WARN_NON_LITERAL_NULL_CONVERSION = YES;
				CLANG_WARN_OBJC_IMPLICIT_RETAIN_SELF = YES;
				CLANG_WARN_OBJC_LITERAL_CONVERSION = YES;
				CLANG_WARN_OBJC_ROOT_CLASS = YES_ERROR;
				CLANG_WARN_QUOTED_INCLUDE_IN_FRAMEWORK_HEADER = YES;
				CLANG_WARN_RANGE_LOOP_ANALYSIS = YES;
				CLANG_WARN_STRICT_PROTOTYPES = YES;
				CLANG_WARN_SUSPICIOUS_MOVE = YES;
				CLANG_WARN_UNGUARDED_AVAILABILITY = YES_AGGRESSIVE;
				CLANG_WARN_UNREACHABLE_CODE = YES;
				CLANG_WARN__DUPLICATE_METHOD_MATCH = YES;
				COPY_PHASE_STRIP = NO;
				DEBUG_INFORMATION_FORMAT = dwarf;
				ENABLE_STRICT_OBJC_MSGSEND = YES;
				ENABLE_TESTABILITY = YES;
				ENABLE_USER_SCRIPT_SANDBOXING = YES;
				GCC_C_LANGUAGE_STANDARD = gnu17;
				GCC_DYNAMIC_NO_PIC = NO;
				GCC_NO_COMMON_BLOCKS = YES;
				GCC_OPTIMIZATION_LEVEL = 0;
				GCC_PREPROCESSOR_DEFINITIONS = (
					"DEBUG=1",
					"$(inherited)",
				);
				GCC_WARN_64_TO_32_BIT_CONVERSION = YES;
				GCC_WARN_ABOUT_RETURN_TYPE = YES_ERROR;
				GCC_WARN_UNDECLARED_SELECTOR = YES;
				GCC_WARN_UNINITIALIZED_AUTOS = YES_AGGRESSIVE;
				GCC_WARN_UNUSED_FUNCTION = YES;
				GCC_WARN_UNUSED_VARIABLE = YES;
				IPHONEOS_DEPLOYMENT_TARGET = 17.2;
				LOCALIZATION_PREFERS_STRING_CATALOGS = YES;
				MTL_ENABLE_DEBUG_INFO = INCLUDE_SOURCE;
				MTL_FAST_MATH = YES;
				ONLY_ACTIVE_ARCH = YES;
				SDKROOT = iphoneos;
				SWIFT_ACTIVE_COMPILATION_CONDITIONS = "DEBUG $(inherited)";
				SWIFT_OPTIMIZATION_LEVEL = "-Onone";
			};
			name = Debug;
		};
		3D2505A72B7E7D74007F2724 /* Release */ = {
			isa = XCBuildConfiguration;
			buildSettings = {
				ALWAYS_SEARCH_USER_PATHS = NO;
				ASSETCATALOG_COMPILER_GENERATE_SWIFT_ASSET_SYMBOL_EXTENSIONS = YES;
				CLANG_ANALYZER_NONNULL = YES;
				CLANG_ANALYZER_NUMBER_OBJECT_CONVERSION = YES_AGGRESSIVE;
				CLANG_CXX_LANGUAGE_STANDARD = "gnu++20";
				CLANG_ENABLE_MODULES = YES;
				CLANG_ENABLE_OBJC_ARC = YES;
				CLANG_ENABLE_OBJC_WEAK = YES;
				CLANG_WARN_BLOCK_CAPTURE_AUTORELEASING = YES;
				CLANG_WARN_BOOL_CONVERSION = YES;
				CLANG_WARN_COMMA = YES;
				CLANG_WARN_CONSTANT_CONVERSION = YES;
				CLANG_WARN_DEPRECATED_OBJC_IMPLEMENTATIONS = YES;
				CLANG_WARN_DIRECT_OBJC_ISA_USAGE = YES_ERROR;
				CLANG_WARN_DOCUMENTATION_COMMENTS = YES;
				CLANG_WARN_EMPTY_BODY = YES;
				CLANG_WARN_ENUM_CONVERSION = YES;
				CLANG_WARN_INFINITE_RECURSION = YES;
				CLANG_WARN_INT_CONVERSION = YES;
				CLANG_WARN_NON_LITERAL_NULL_CONVERSION = YES;
				CLANG_WARN_OBJC_IMPLICIT_RETAIN_SELF = YES;
				CLANG_WARN_OBJC_LITERAL_CONVERSION = YES;
				CLANG_WARN_OBJC_ROOT_CLASS = YES_ERROR;
				CLANG_WARN_QUOTED_INCLUDE_IN_FRAMEWORK_HEADER = YES;
				CLANG_WARN_RANGE_LOOP_ANALYSIS = YES;
				CLANG_WARN_STRICT_PROTOTYPES = YES;
				CLANG_WARN_SUSPICIOUS_MOVE = YES;
				CLANG_WARN_UNGUARDED_AVAILABILITY = YES_AGGRESSIVE;
				CLANG_WARN_UNREACHABLE_CODE = YES;
				CLANG_WARN__DUPLICATE_METHOD_MATCH = YES;
				COPY_PHASE_STRIP = NO;
				DEBUG_INFORMATION_FORMAT = "dwarf-with-dsym";
				ENABLE_NS_ASSERTIONS = NO;
				ENABLE_STRICT_OBJC_MSGSEND = YES;
				ENABLE_USER_SCRIPT_SANDBOXING = YES;
				GCC_C_LANGUAGE_STANDARD = gnu17;
				GCC_NO_COMMON_BLOCKS = YES;
				GCC_WARN_64_TO_32_BIT_CONVERSION = YES;
				GCC_WARN_ABOUT_RETURN_TYPE = YES_ERROR;
				GCC_WARN_UNDECLARED_SELECTOR = YES;
				GCC_WARN_UNINITIALIZED_AUTOS = YES_AGGRESSIVE;
				GCC_WARN_UNUSED_FUNCTION = YES;
				GCC_WARN_UNUSED_VARIABLE = YES;
				IPHONEOS_DEPLOYMENT_TARGET = 17.2;
				LOCALIZATION_PREFERS_STRING_CATALOGS = YES;
				MTL_ENABLE_DEBUG_INFO = NO;
				MTL_FAST_MATH = YES;
				SDKROOT = iphoneos;
				SWIFT_COMPILATION_MODE = wholemodule;
				VALIDATE_PRODUCT = YES;
			};
			name = Release;
		};
		3D2505A92B7E7D74007F2724 /* Debug */ = {
			isa = XCBuildConfiguration;
			buildSettings = {
				ASSETCATALOG_COMPILER_APPICON_NAME = AppIcon;
				ASSETCATALOG_COMPILER_GLOBAL_ACCENT_COLOR_NAME = AccentColor;
				CODE_SIGN_STYLE = Automatic;
				CURRENT_PROJECT_VERSION = 1;
				DEVELOPMENT_ASSET_PATHS = "\"RestauranteUI/Preview Content\"";
				ENABLE_PREVIEWS = YES;
				GENERATE_INFOPLIST_FILE = YES;
				INFOPLIST_KEY_UIApplicationSceneManifest_Generation = YES;
				INFOPLIST_KEY_UIApplicationSupportsIndirectInputEvents = YES;
				INFOPLIST_KEY_UILaunchScreen_Generation = YES;
				INFOPLIST_KEY_UISupportedInterfaceOrientations_iPad = "UIInterfaceOrientationPortrait UIInterfaceOrientationPortraitUpsideDown UIInterfaceOrientationLandscapeLeft UIInterfaceOrientationLandscapeRight";
				INFOPLIST_KEY_UISupportedInterfaceOrientations_iPhone = "UIInterfaceOrientationPortrait UIInterfaceOrientationLandscapeLeft UIInterfaceOrientationLandscapeRight";
				LD_RUNPATH_SEARCH_PATHS = (
					"$(inherited)",
					"@executable_path/Frameworks",
				);
				MARKETING_VERSION = 1.0;
				PRODUCT_BUNDLE_IDENTIFIER = es.Estech.RestauranteUI;
				PRODUCT_NAME = "$(TARGET_NAME)";
				SWIFT_EMIT_LOC_STRINGS = YES;
				SWIFT_VERSION = 5.0;
				TARGETED_DEVICE_FAMILY = "1,2";
			};
			name = Debug;
		};
		3D2505AA2B7E7D74007F2724 /* Release */ = {
			isa = XCBuildConfiguration;
			buildSettings = {
				ASSETCATALOG_COMPILER_APPICON_NAME = AppIcon;
				ASSETCATALOG_COMPILER_GLOBAL_ACCENT_COLOR_NAME = AccentColor;
				CODE_SIGN_STYLE = Automatic;
				CURRENT_PROJECT_VERSION = 1;
				DEVELOPMENT_ASSET_PATHS = "\"RestauranteUI/Preview Content\"";
				ENABLE_PREVIEWS = YES;
				GENERATE_INFOPLIST_FILE = YES;
				INFOPLIST_KEY_UIApplicationSceneManifest_Generation = YES;
				INFOPLIST_KEY_UIApplicationSupportsIndirectInputEvents = YES;
				INFOPLIST_KEY_UILaunchScreen_Generation = YES;
				INFOPLIST_KEY_UISupportedInterfaceOrientations_iPad = "UIInterfaceOrientationPortrait UIInterfaceOrientationPortraitUpsideDown UIInterfaceOrientationLandscapeLeft UIInterfaceOrientationLandscapeRight";
				INFOPLIST_KEY_UISupportedInterfaceOrientations_iPhone = "UIInterfaceOrientationPortrait UIInterfaceOrientationLandscapeLeft UIInterfaceOrientationLandscapeRight";
				LD_RUNPATH_SEARCH_PATHS = (
					"$(inherited)",
					"@executable_path/Frameworks",
				);
				MARKETING_VERSION = 1.0;
				PRODUCT_BUNDLE_IDENTIFIER = es.Estech.RestauranteUI;
				PRODUCT_NAME = "$(TARGET_NAME)";
				SWIFT_EMIT_LOC_STRINGS = YES;
				SWIFT_VERSION = 5.0;
				TARGETED_DEVICE_FAMILY = "1,2";
			};
			name = Release;
		};
/* End XCBuildConfiguration section */

/* Begin XCConfigurationList section */
		3D2505952B7E7D73007F2724 /* Build configuration list for PBXProject "RestauranteUI" */ = {
			isa = XCConfigurationList;
			buildConfigurations = (
				3D2505A62B7E7D74007F2724 /* Debug */,
				3D2505A72B7E7D74007F2724 /* Release */,
			);
			defaultConfigurationIsVisible = 0;
			defaultConfigurationName = Release;
		};
		3D2505A82B7E7D74007F2724 /* Build configuration list for PBXNativeTarget "RestauranteUI" */ = {
			isa = XCConfigurationList;
			buildConfigurations = (
				3D2505A92B7E7D74007F2724 /* Debug */,
				3D2505AA2B7E7D74007F2724 /* Release */,
			);
			defaultConfigurationIsVisible = 0;
			defaultConfigurationName = Release;
		};
/* End XCConfigurationList section */
	};
	rootObject = 3D2505922B7E7D73007F2724 /* Project object */;
}
